
Microsoft Visual Studio Solution File, Format Version 12.00
# Visual Studio Version 16
VisualStudioVersion = 16.0.29613.14
MinimumVisualStudioVersion = 10.0.40219.1
Project("{FAE04EC0-301F-11D3-BF4B-00C04F79EFBC}") = "TestGhActions", "TestGhActions\TestGhActions.csproj", "{3FCCA7BB-F748-461F-AD41-CA0AC99CE922}"
EndProject
Global
	GlobalSection(SolutionConfigurationPlatforms) = preSolution
		Debug|Any CPU = Debug|Any CPU
		Release|Any CPU = Release|Any CPU
	EndGlobalSection
	GlobalSection(ProjectConfigurationPlatforms) = postSolution
		{3FCCA7BB-F748-461F-AD41-CA0AC99CE922}.Debug|Any CPU.ActiveCfg = Debug|Any CPU
		{3FCCA7BB-F748-461F-AD41-CA0AC99CE922}.Debug|Any CPU.Build.0 = Debug|Any CPU
		{3FCCA7BB-F748-461F-AD41-CA0AC99CE922}.Release|Any CPU.ActiveCfg = Release|Any CPU
		{3FCCA7BB-F748-461F-AD41-CA0AC99CE922}.Release|Any CPU.Build.0 = Release|Any CPU
	EndGlobalSection
	GlobalSection(SolutionProperties) = preSolution
		HideSolutionNode = FALSE
	EndGlobalSection
	GlobalSection(ExtensibilityGlobals) = postSolution
		SolutionGuid = {3A02C27A-56CD-4D7D-8346-D1FB6BE1740F}
	EndGlobalSection
EndGlobal
